# This file is automatically @generated by Poetry 1.8.3 and should not be changed by hand.

[[package]]
name = "pytubefix"
version = "8.1.1"
description = "Python3 library for downloading YouTube Videos."
optional = false
python-versions = ">=3.7"
files = [
    {file = "pytubefix-8.1.1-py3-none-any.whl", hash = "sha256:c317ce8fa56f0eb39d11e90327f07f41310530a3e927fb261b3104b0fc7c21af"},
    {file = "pytubefix-8.1.1.tar.gz", hash = "sha256:b4b993303428b997f7103f9b9306d65a00f7c7c387113d899b0bb7c0a9e4fd0d"},
]

[metadata]
lock-version = "2.0"
python-versions = "^3.10"
content-hash = "fa0b9329f75fd5ba2818f973a705190c5816709c02a53633b16dc5386b217ebc"
